{
  "name": "firstbreakai",
  "version": "1.0.0",
  "lockfileVersion": 3,
  "requires": true,
  "packages": {
    "": {
      "name": "firstbreakai",
      "version": "1.0.0",
      "license": "ISC",
      "dependencies": {
        "@aiedx/fetchlens-cloudflare": "^0.1.2"
      }
    },
    "node_modules/@aiedx/fetchlens-cloudflare": {
      "version": "0.1.2",
      "resolved": "https://registry.npmjs.org/@aiedx/fetchlens-cloudflare/-/fetchlens-cloudflare-0.1.2.tgz",
      "integrity": "sha512-cGowJsRVW99r2kiHkiMWVw4huxdgrMdEzsYoQc2Clek9eDrJAwplu/dfhDGtCURBiTyOgt6qm4zezdzjdLu1cQ==",
      "dependencies": {
        "@aiedx/fetchlens-core": "^0.1.2"
      }
    },
    "node_modules/@aiedx/fetchlens-core": {
      "version": "0.1.2",
      "resolved": "https://registry.npmjs.org/@aiedx/fetchlens-core/-/fetchlens-core-0.1.2.tgz",
      "integrity": "sha512-zj6JkFmVKVLQW8OykkuDK94qf0skD4jzTqjeQLL57LRbKTO4oTWxYzwJyHb5oaosP6HBOuJYlK6fLF7wWpGa/A=="
    }
  }
}
