{
  "name": "firstbreakai",
  "version": "1.0.0",
  "lockfileVersion": 3,
  "requires": true,
  "packages": {
    "": {
      "name": "firstbreakai",
      "version": "1.0.0",
      "license": "ISC",
      "dependencies": {
        "@aiedx/fetchlens-cloudflare": "^0.1.1"
      }
    },
    "node_modules/@aiedx/fetchlens-cloudflare": {
      "version": "0.1.1",
      "resolved": "https://registry.npmjs.org/@aiedx/fetchlens-cloudflare/-/fetchlens-cloudflare-0.1.1.tgz",
      "integrity": "sha512-BihHf7NMQkHm8YDz8j7sj3kd67uMHCTIeEBA57mfMuMuf67n8qvk8YeDIxK2j5E+a4orrDMt41K3od/EQ7PQYg==",
      "dependencies": {
        "@aiedx/fetchlens-core": "^0.1.0"
      }
    },
    "node_modules/@aiedx/fetchlens-core": {
      "version": "0.1.1",
      "resolved": "https://registry.npmjs.org/@aiedx/fetchlens-core/-/fetchlens-core-0.1.1.tgz",
      "integrity": "sha512-YAjdxDdzyNUP3JH5cCv7W7gw8cOh8G++AzvRCq1O7GPPLUi9TBMpJpzAq7d7DrWkUhhzvYKlbWuplcQ4cw+dDA=="
    }
  }
}
